
Microsoft Visual Studio Solution File, Format Version 12.00
# Visual Studio Version 17
VisualStudioVersion = 17.1.32319.34
MinimumVisualStudioVersion = 10.0.40219.1
Project("{9A19103F-16F7-4668-BE54-9A1E7A4F7556}") = "DegiskenTanimlama", "DegiskenTanimlama\DegiskenTanimlama.csproj", "{2B6C08DB-79E8-4555-AEFC-38B08FF3434F}"
EndProject
Project("{2150E333-8FDC-42A3-9474-1A3956D46DE8}") = "1.Gün", "1.Gün", "{0844715E-DA31-45D0-ACAF-88A695008D80}"
EndProject
Project("{2150E333-8FDC-42A3-9474-1A3956D46DE8}") = "2.Gün", "2.Gün", "{3171DA32-CCDD-478E-9B65-F3D80F9EEE15}"
EndProject
Project("{9A19103F-16F7-4668-BE54-9A1E7A4F7556}") = "HataYonetimi", "HataYonetimi\HataYonetimi.csproj", "{96912050-77F3-4494-9D86-627FAF7C49C3}"
EndProject
Project("{9A19103F-16F7-4668-BE54-9A1E7A4F7556}") = "KararYapilariVeDonguler", "KararYapilariVeDongüler\KararYapilariVeDonguler.csproj", "{0E3D89BD-1FC2-42B8-A24B-1660368F96F4}"
EndProject
Project("{9A19103F-16F7-4668-BE54-9A1E7A4F7556}") = "Ornek", "Ornek\Ornek.csproj", "{BCE5413B-841F-4E4B-AFC2-322020E8F920}"
EndProject
Project("{9A19103F-16F7-4668-BE54-9A1E7A4F7556}") = "DizilerVeKoleksiyonlar", "DizilerVeKoleksiyonlar\DizilerVeKoleksiyonlar.csproj", "{A568B1F4-E151-4C4A-9F0A-56449EE1CDE6}"
EndProject
Project("{2150E333-8FDC-42A3-9474-1A3956D46DE8}") = "3.Gün", "3.Gün", "{E873C784-1C67-4372-92D6-C9C295B4A776}"
EndProject
Project("{9A19103F-16F7-4668-BE54-9A1E7A4F7556}") = "CokBoyutluDiziler", "CokBoyutluDiziler\CokBoyutluDiziler.csproj", "{1AD42EF5-11AB-47FF-B19E-E72D830F5DB4}"
EndProject
Project("{9A19103F-16F7-4668-BE54-9A1E7A4F7556}") = "MethodKullanımı", "MethodKullanımı\MethodKullanımı.csproj", "{3C7DAA55-B238-468B-947F-90639FE1205F}"
EndProject
Project("{2150E333-8FDC-42A3-9474-1A3956D46DE8}") = "4.Gün", "4.Gün", "{8805700F-9F91-4109-A10A-3C00FD15D7E5}"
EndProject
Project("{9A19103F-16F7-4668-BE54-9A1E7A4F7556}") = "OopGiris", "OopGiris\OopGiris.csproj", "{83CC3B8C-6BB7-416F-82C3-24D1527D95A6}"
EndProject
Project("{2150E333-8FDC-42A3-9474-1A3956D46DE8}") = "6.Gün", "6.Gün", "{0220127C-2F0D-4BCC-9562-AF6ECD8667FF}"
EndProject
Project("{9A19103F-16F7-4668-BE54-9A1E7A4F7556}") = "WFormGiris", "WFormGiris\WFormGiris.csproj", "{873ADD68-6419-40DC-B10A-E071CE2A5FE4}"
EndProject
Project("{2150E333-8FDC-42A3-9474-1A3956D46DE8}") = "8.Gün", "8.Gün", "{E71EB9EE-2AA7-4E76-9995-161CB3A966A8}"
EndProject
Project("{9A19103F-16F7-4668-BE54-9A1E7A4F7556}") = "RandevuSistemi", "RandevuSistemi\RandevuSistemi.csproj", "{F59BCAC2-8124-4792-9798-7D597A51EA2F}"
EndProject
Project("{2150E333-8FDC-42A3-9474-1A3956D46DE8}") = "9.Gün", "9.Gün", "{6904D4AF-BD6A-4E0E-8A08-DAEDACEC0ED2}"
EndProject
Project("{9A19103F-16F7-4668-BE54-9A1E7A4F7556}") = "Kalitim", "Kalitim\Kalitim.csproj", "{15FA212D-1860-4160-8D45-0776E8A1189E}"
EndProject
Project("{9A19103F-16F7-4668-BE54-9A1E7A4F7556}") = "Kalitim.Lib", "Kalitim.Lib\Kalitim.Lib.csproj", "{CAF20D60-60A9-4743-A5DE-294A46FC9711}"
EndProject
Project("{9A19103F-16F7-4668-BE54-9A1E7A4F7556}") = "Kalitim.Console", "Kalitim.Console\Kalitim.Console.csproj", "{A798CBA5-321E-4832-9268-437C7FC845A2}"
EndProject
Project("{2150E333-8FDC-42A3-9474-1A3956D46DE8}") = "10.Gün", "10.Gün", "{1CF697B3-D2FF-4523-A035-9F0553F1AB29}"
EndProject
Project("{9A19103F-16F7-4668-BE54-9A1E7A4F7556}") = "MagazaUygulamasi", "KitapciUygulamasi\MagazaUygulamasi.csproj", "{F98847EE-7603-43F5-A4B5-0E51EF6674DE}"
EndProject
Project("{9A19103F-16F7-4668-BE54-9A1E7A4F7556}") = "Urunler.Lib", "Urunler.Lib\Urunler.Lib.csproj", "{D135D500-2668-42A3-BE7E-1500CBCEDE85}"
EndProject
Project("{2150E333-8FDC-42A3-9474-1A3956D46DE8}") = "SoyutSınıfÖrneği", "SoyutSınıfÖrneği", "{76A94BF1-BD5D-4140-9D61-51AC5E8D4EEE}"
EndProject
Project("{2150E333-8FDC-42A3-9474-1A3956D46DE8}") = "RentACar", "RentACar", "{CE873C8A-DA69-43AA-BDCA-D56AADA8AC29}"
EndProject
Project("{9A19103F-16F7-4668-BE54-9A1E7A4F7556}") = "RentACar.Lib", "RentACar.Lib\RentACar.Lib.csproj", "{1062102B-E28D-49A6-A0FF-6635A3A94414}"
EndProject
Project("{9A19103F-16F7-4668-BE54-9A1E7A4F7556}") = "RentACarForm", "RentACarForm\RentACarForm.csproj", "{A3AD8561-BABC-4CA3-AD24-206C2641F3BE}"
EndProject
Project("{2150E333-8FDC-42A3-9474-1A3956D46DE8}") = "11.Gün", "11.Gün", "{68132999-7ADC-41D9-9F8A-C2929EB06893}"
EndProject
Project("{9A19103F-16F7-4668-BE54-9A1E7A4F7556}") = "StatikNesneler", "StatikNesneler\StatikNesneler.csproj", "{68A978E7-A977-40A2-84EB-A37FCE35E93E}"
EndProject
Project("{9A19103F-16F7-4668-BE54-9A1E7A4F7556}") = "Binary", "Binary\Binary.csproj", "{70B5F6A3-D463-4816-8D43-664811F58D75}"
EndProject
Project("{2150E333-8FDC-42A3-9474-1A3956D46DE8}") = "12.Gün", "12.Gün", "{7355879B-BA00-4250-B954-AB9850841514}"
EndProject
Project("{9A19103F-16F7-4668-BE54-9A1E7A4F7556}") = "AracTakipUygulamasi", "AracTakipUygulamasi\AracTakipUygulamasi.csproj", "{3F352E2C-5A04-4B34-955C-737EC5BF982D}"
EndProject
Project("{2150E333-8FDC-42A3-9474-1A3956D46DE8}") = "13.gün", "13.gün", "{48750B10-C543-4417-93CC-9AEBF60BAE44}"
EndProject
Project("{9A19103F-16F7-4668-BE54-9A1E7A4F7556}") = "AracTakip", "AracTakip\AracTakip.csproj", "{E7D6F446-69CD-4D19-9048-5E59BB9D9867}"
EndProject
Project("{2150E333-8FDC-42A3-9474-1A3956D46DE8}") = "14.Gün", "14.Gün", "{2A261F4C-3EDD-471D-A16C-9AFA902F309C}"
EndProject
Project("{9A19103F-16F7-4668-BE54-9A1E7A4F7556}") = "HttpRequestJSON", "HttpRequestJSON\HttpRequestJSON.csproj", "{155E623E-4980-41A5-9842-C5791C69721B}"
EndProject
Project("{2150E333-8FDC-42A3-9474-1A3956D46DE8}") = "18.Gün", "18.Gün", "{D2E91662-7126-4F99-904A-9D59773798EE}"
EndProject
Project("{FAE04EC0-301F-11D3-BF4B-00C04F79EFBC}") = "OOP_Interface", "OOP_Interface\OOP_Interface.csproj", "{94C36FB9-BAB5-44A7-9C0B-B6EE623D7988}"
EndProject
Global
	GlobalSection(SolutionConfigurationPlatforms) = preSolution
		Debug|Any CPU = Debug|Any CPU
		Release|Any CPU = Release|Any CPU
	EndGlobalSection
	GlobalSection(ProjectConfigurationPlatforms) = postSolution
		{2B6C08DB-79E8-4555-AEFC-38B08FF3434F}.Debug|Any CPU.ActiveCfg = Debug|Any CPU
		{2B6C08DB-79E8-4555-AEFC-38B08FF3434F}.Debug|Any CPU.Build.0 = Debug|Any CPU
		{2B6C08DB-79E8-4555-AEFC-38B08FF3434F}.Release|Any CPU.ActiveCfg = Release|Any CPU
		{2B6C08DB-79E8-4555-AEFC-38B08FF3434F}.Release|Any CPU.Build.0 = Release|Any CPU
		{96912050-77F3-4494-9D86-627FAF7C49C3}.Debug|Any CPU.ActiveCfg = Debug|Any CPU
		{96912050-77F3-4494-9D86-627FAF7C49C3}.Debug|Any CPU.Build.0 = Debug|Any CPU
		{96912050-77F3-4494-9D86-627FAF7C49C3}.Release|Any CPU.ActiveCfg = Release|Any CPU
		{96912050-77F3-4494-9D86-627FAF7C49C3}.Release|Any CPU.Build.0 = Release|Any CPU
		{0E3D89BD-1FC2-42B8-A24B-1660368F96F4}.Debug|Any CPU.ActiveCfg = Debug|Any CPU
		{0E3D89BD-1FC2-42B8-A24B-1660368F96F4}.Debug|Any CPU.Build.0 = Debug|Any CPU
		{0E3D89BD-1FC2-42B8-A24B-1660368F96F4}.Release|Any CPU.ActiveCfg = Release|Any CPU
		{0E3D89BD-1FC2-42B8-A24B-1660368F96F4}.Release|Any CPU.Build.0 = Release|Any CPU
		{BCE5413B-841F-4E4B-AFC2-322020E8F920}.Debug|Any CPU.ActiveCfg = Debug|Any CPU
		{BCE5413B-841F-4E4B-AFC2-322020E8F920}.Debug|Any CPU.Build.0 = Debug|Any CPU
		{BCE5413B-841F-4E4B-AFC2-322020E8F920}.Release|Any CPU.ActiveCfg = Release|Any CPU
		{BCE5413B-841F-4E4B-AFC2-322020E8F920}.Release|Any CPU.Build.0 = Release|Any CPU
		{A568B1F4-E151-4C4A-9F0A-56449EE1CDE6}.Debug|Any CPU.ActiveCfg = Debug|Any CPU
		{A568B1F4-E151-4C4A-9F0A-56449EE1CDE6}.Debug|Any CPU.Build.0 = Debug|Any CPU
		{A568B1F4-E151-4C4A-9F0A-56449EE1CDE6}.Release|Any CPU.ActiveCfg = Release|Any CPU
		{A568B1F4-E151-4C4A-9F0A-56449EE1CDE6}.Release|Any CPU.Build.0 = Release|Any CPU
		{1AD42EF5-11AB-47FF-B19E-E72D830F5DB4}.Debug|Any CPU.ActiveCfg = Debug|Any CPU
		{1AD42EF5-11AB-47FF-B19E-E72D830F5DB4}.Debug|Any CPU.Build.0 = Debug|Any CPU
		{1AD42EF5-11AB-47FF-B19E-E72D830F5DB4}.Release|Any CPU.ActiveCfg = Release|Any CPU
		{1AD42EF5-11AB-47FF-B19E-E72D830F5DB4}.Release|Any CPU.Build.0 = Release|Any CPU
		{3C7DAA55-B238-468B-947F-90639FE1205F}.Debug|Any CPU.ActiveCfg = Debug|Any CPU
		{3C7DAA55-B238-468B-947F-90639FE1205F}.Debug|Any CPU.Build.0 = Debug|Any CPU
		{3C7DAA55-B238-468B-947F-90639FE1205F}.Release|Any CPU.ActiveCfg = Release|Any CPU
		{3C7DAA55-B238-468B-947F-90639FE1205F}.Release|Any CPU.Build.0 = Release|Any CPU
		{83CC3B8C-6BB7-416F-82C3-24D1527D95A6}.Debug|Any CPU.ActiveCfg = Debug|Any CPU
		{83CC3B8C-6BB7-416F-82C3-24D1527D95A6}.Debug|Any CPU.Build.0 = Debug|Any CPU
		{83CC3B8C-6BB7-416F-82C3-24D1527D95A6}.Release|Any CPU.ActiveCfg = Release|Any CPU
		{83CC3B8C-6BB7-416F-82C3-24D1527D95A6}.Release|Any CPU.Build.0 = Release|Any CPU
		{873ADD68-6419-40DC-B10A-E071CE2A5FE4}.Debug|Any CPU.ActiveCfg = Debug|Any CPU
		{873ADD68-6419-40DC-B10A-E071CE2A5FE4}.Debug|Any CPU.Build.0 = Debug|Any CPU
		{873ADD68-6419-40DC-B10A-E071CE2A5FE4}.Release|Any CPU.ActiveCfg = Release|Any CPU
		{873ADD68-6419-40DC-B10A-E071CE2A5FE4}.Release|Any CPU.Build.0 = Release|Any CPU
		{F59BCAC2-8124-4792-9798-7D597A51EA2F}.Debug|Any CPU.ActiveCfg = Debug|Any CPU
		{F59BCAC2-8124-4792-9798-7D597A51EA2F}.Debug|Any CPU.Build.0 = Debug|Any CPU
		{F59BCAC2-8124-4792-9798-7D597A51EA2F}.Release|Any CPU.ActiveCfg = Release|Any CPU
		{F59BCAC2-8124-4792-9798-7D597A51EA2F}.Release|Any CPU.Build.0 = Release|Any CPU
		{15FA212D-1860-4160-8D45-0776E8A1189E}.Debug|Any CPU.ActiveCfg = Debug|Any CPU
		{15FA212D-1860-4160-8D45-0776E8A1189E}.Debug|Any CPU.Build.0 = Debug|Any CPU
		{15FA212D-1860-4160-8D45-0776E8A1189E}.Release|Any CPU.ActiveCfg = Release|Any CPU
		{15FA212D-1860-4160-8D45-0776E8A1189E}.Release|Any CPU.Build.0 = Release|Any CPU
		{CAF20D60-60A9-4743-A5DE-294A46FC9711}.Debug|Any CPU.ActiveCfg = Debug|Any CPU
		{CAF20D60-60A9-4743-A5DE-294A46FC9711}.Debug|Any CPU.Build.0 = Debug|Any CPU
		{CAF20D60-60A9-4743-A5DE-294A46FC9711}.Release|Any CPU.ActiveCfg = Release|Any CPU
		{CAF20D60-60A9-4743-A5DE-294A46FC9711}.Release|Any CPU.Build.0 = Release|Any CPU
		{A798CBA5-321E-4832-9268-437C7FC845A2}.Debug|Any CPU.ActiveCfg = Debug|Any CPU
		{A798CBA5-321E-4832-9268-437C7FC845A2}.Debug|Any CPU.Build.0 = Debug|Any CPU
		{A798CBA5-321E-4832-9268-437C7FC845A2}.Release|Any CPU.ActiveCfg = Release|Any CPU
		{A798CBA5-321E-4832-9268-437C7FC845A2}.Release|Any CPU.Build.0 = Release|Any CPU
		{F98847EE-7603-43F5-A4B5-0E51EF6674DE}.Debug|Any CPU.ActiveCfg = Debug|Any CPU
		{F98847EE-7603-43F5-A4B5-0E51EF6674DE}.Debug|Any CPU.Build.0 = Debug|Any CPU
		{F98847EE-7603-43F5-A4B5-0E51EF6674DE}.Release|Any CPU.ActiveCfg = Release|Any CPU
		{F98847EE-7603-43F5-A4B5-0E51EF6674DE}.Release|Any CPU.Build.0 = Release|Any CPU
		{D135D500-2668-42A3-BE7E-1500CBCEDE85}.Debug|Any CPU.ActiveCfg = Debug|Any CPU
		{D135D500-2668-42A3-BE7E-1500CBCEDE85}.Debug|Any CPU.Build.0 = Debug|Any CPU
		{D135D500-2668-42A3-BE7E-1500CBCEDE85}.Release|Any CPU.ActiveCfg = Release|Any CPU
		{D135D500-2668-42A3-BE7E-1500CBCEDE85}.Release|Any CPU.Build.0 = Release|Any CPU
		{1062102B-E28D-49A6-A0FF-6635A3A94414}.Debug|Any CPU.ActiveCfg = Debug|Any CPU
		{1062102B-E28D-49A6-A0FF-6635A3A94414}.Debug|Any CPU.Build.0 = Debug|Any CPU
		{1062102B-E28D-49A6-A0FF-6635A3A94414}.Release|Any CPU.ActiveCfg = Release|Any CPU
		{1062102B-E28D-49A6-A0FF-6635A3A94414}.Release|Any CPU.Build.0 = Release|Any CPU
		{A3AD8561-BABC-4CA3-AD24-206C2641F3BE}.Debug|Any CPU.ActiveCfg = Debug|Any CPU
		{A3AD8561-BABC-4CA3-AD24-206C2641F3BE}.Debug|Any CPU.Build.0 = Debug|Any CPU
		{A3AD8561-BABC-4CA3-AD24-206C2641F3BE}.Release|Any CPU.ActiveCfg = Release|Any CPU
		{A3AD8561-BABC-4CA3-AD24-206C2641F3BE}.Release|Any CPU.Build.0 = Release|Any CPU
		{68A978E7-A977-40A2-84EB-A37FCE35E93E}.Debug|Any CPU.ActiveCfg = Debug|Any CPU
		{68A978E7-A977-40A2-84EB-A37FCE35E93E}.Debug|Any CPU.Build.0 = Debug|Any CPU
		{68A978E7-A977-40A2-84EB-A37FCE35E93E}.Release|Any CPU.ActiveCfg = Release|Any CPU
		{68A978E7-A977-40A2-84EB-A37FCE35E93E}.Release|Any CPU.Build.0 = Release|Any CPU
		{70B5F6A3-D463-4816-8D43-664811F58D75}.Debug|Any CPU.ActiveCfg = Debug|Any CPU
		{70B5F6A3-D463-4816-8D43-664811F58D75}.Debug|Any CPU.Build.0 = Debug|Any CPU
		{70B5F6A3-D463-4816-8D43-664811F58D75}.Release|Any CPU.ActiveCfg = Release|Any CPU
		{70B5F6A3-D463-4816-8D43-664811F58D75}.Release|Any CPU.Build.0 = Release|Any CPU
		{3F352E2C-5A04-4B34-955C-737EC5BF982D}.Debug|Any CPU.ActiveCfg = Debug|Any CPU
		{3F352E2C-5A04-4B34-955C-737EC5BF982D}.Debug|Any CPU.Build.0 = Debug|Any CPU
		{3F352E2C-5A04-4B34-955C-737EC5BF982D}.Release|Any CPU.ActiveCfg = Release|Any CPU
		{3F352E2C-5A04-4B34-955C-737EC5BF982D}.Release|Any CPU.Build.0 = Release|Any CPU
		{E7D6F446-69CD-4D19-9048-5E59BB9D9867}.Debug|Any CPU.ActiveCfg = Debug|Any CPU
		{E7D6F446-69CD-4D19-9048-5E59BB9D9867}.Debug|Any CPU.Build.0 = Debug|Any CPU
		{E7D6F446-69CD-4D19-9048-5E59BB9D9867}.Release|Any CPU.ActiveCfg = Release|Any CPU
		{E7D6F446-69CD-4D19-9048-5E59BB9D9867}.Release|Any CPU.Build.0 = Release|Any CPU
		{155E623E-4980-41A5-9842-C5791C69721B}.Debug|Any CPU.ActiveCfg = Debug|Any CPU
		{155E623E-4980-41A5-9842-C5791C69721B}.Debug|Any CPU.Build.0 = Debug|Any CPU
		{155E623E-4980-41A5-9842-C5791C69721B}.Release|Any CPU.ActiveCfg = Release|Any CPU
		{155E623E-4980-41A5-9842-C5791C69721B}.Release|Any CPU.Build.0 = Release|Any CPU
		{94C36FB9-BAB5-44A7-9C0B-B6EE623D7988}.Debug|Any CPU.ActiveCfg = Debug|Any CPU
		{94C36FB9-BAB5-44A7-9C0B-B6EE623D7988}.Debug|Any CPU.Build.0 = Debug|Any CPU
		{94C36FB9-BAB5-44A7-9C0B-B6EE623D7988}.Release|Any CPU.ActiveCfg = Release|Any CPU
		{94C36FB9-BAB5-44A7-9C0B-B6EE623D7988}.Release|Any CPU.Build.0 = Release|Any CPU
	EndGlobalSection
	GlobalSection(SolutionProperties) = preSolution
		HideSolutionNode = FALSE
	EndGlobalSection
	GlobalSection(NestedProjects) = preSolution
		{2B6C08DB-79E8-4555-AEFC-38B08FF3434F} = {0844715E-DA31-45D0-ACAF-88A695008D80}
		{96912050-77F3-4494-9D86-627FAF7C49C3} = {3171DA32-CCDD-478E-9B65-F3D80F9EEE15}
		{0E3D89BD-1FC2-42B8-A24B-1660368F96F4} = {3171DA32-CCDD-478E-9B65-F3D80F9EEE15}
		{BCE5413B-841F-4E4B-AFC2-322020E8F920} = {3171DA32-CCDD-478E-9B65-F3D80F9EEE15}
		{A568B1F4-E151-4C4A-9F0A-56449EE1CDE6} = {3171DA32-CCDD-478E-9B65-F3D80F9EEE15}
		{1AD42EF5-11AB-47FF-B19E-E72D830F5DB4} = {E873C784-1C67-4372-92D6-C9C295B4A776}
		{3C7DAA55-B238-468B-947F-90639FE1205F} = {E873C784-1C67-4372-92D6-C9C295B4A776}
		{83CC3B8C-6BB7-416F-82C3-24D1527D95A6} = {8805700F-9F91-4109-A10A-3C00FD15D7E5}
		{873ADD68-6419-40DC-B10A-E071CE2A5FE4} = {0220127C-2F0D-4BCC-9562-AF6ECD8667FF}
		{F59BCAC2-8124-4792-9798-7D597A51EA2F} = {E71EB9EE-2AA7-4E76-9995-161CB3A966A8}
		{15FA212D-1860-4160-8D45-0776E8A1189E} = {6904D4AF-BD6A-4E0E-8A08-DAEDACEC0ED2}
		{CAF20D60-60A9-4743-A5DE-294A46FC9711} = {6904D4AF-BD6A-4E0E-8A08-DAEDACEC0ED2}
		{A798CBA5-321E-4832-9268-437C7FC845A2} = {6904D4AF-BD6A-4E0E-8A08-DAEDACEC0ED2}
		{F98847EE-7603-43F5-A4B5-0E51EF6674DE} = {76A94BF1-BD5D-4140-9D61-51AC5E8D4EEE}
		{D135D500-2668-42A3-BE7E-1500CBCEDE85} = {76A94BF1-BD5D-4140-9D61-51AC5E8D4EEE}
		{76A94BF1-BD5D-4140-9D61-51AC5E8D4EEE} = {1CF697B3-D2FF-4523-A035-9F0553F1AB29}
		{CE873C8A-DA69-43AA-BDCA-D56AADA8AC29} = {1CF697B3-D2FF-4523-A035-9F0553F1AB29}
		{1062102B-E28D-49A6-A0FF-6635A3A94414} = {CE873C8A-DA69-43AA-BDCA-D56AADA8AC29}
		{A3AD8561-BABC-4CA3-AD24-206C2641F3BE} = {CE873C8A-DA69-43AA-BDCA-D56AADA8AC29}
		{68A978E7-A977-40A2-84EB-A37FCE35E93E} = {68132999-7ADC-41D9-9F8A-C2929EB06893}
		{70B5F6A3-D463-4816-8D43-664811F58D75} = {68132999-7ADC-41D9-9F8A-C2929EB06893}
		{3F352E2C-5A04-4B34-955C-737EC5BF982D} = {7355879B-BA00-4250-B954-AB9850841514}
		{E7D6F446-69CD-4D19-9048-5E59BB9D9867} = {48750B10-C543-4417-93CC-9AEBF60BAE44}
		{155E623E-4980-41A5-9842-C5791C69721B} = {2A261F4C-3EDD-471D-A16C-9AFA902F309C}
		{94C36FB9-BAB5-44A7-9C0B-B6EE623D7988} = {D2E91662-7126-4F99-904A-9D59773798EE}
	EndGlobalSection
	GlobalSection(ExtensibilityGlobals) = postSolution
		SolutionGuid = {15B4EFE1-3878-43BF-9E15-16E860CECA76}
	EndGlobalSection
EndGlobal
